// !$*UTF8*$!
{
	archiveVersion = 1;
	classes = {
	};
	objectVersion = 55;
	objects = {

/* Begin PBXBuildFile section */
		F58B081C27EA8A42009F455A /* Image.swift in Sources */ = {isa = PBXBuildFile; fileRef = F58B081B27EA8A42009F455A /* Image.swift */; };
		F58B081E27EA91B7009F455A /* ComicData.swift in Sources */ = {isa = PBXBuildFile; fileRef = F58B081D27EA91B7009F455A /* ComicData.swift */; };
		F58B082027EA9205009F455A /* ComicResult.swift in Sources */ = {isa = PBXBuildFile; fileRef = F58B081F27EA9205009F455A /* ComicResult.swift */; };
		F58EF78327E9213F007D2E81 /* AppDelegate.swift in Sources */ = {isa = PBXBuildFile; fileRef = F58EF78227E9213F007D2E81 /* AppDelegate.swift */; };
		F58EF78527E9213F007D2E81 /* SceneDelegate.swift in Sources */ = {isa = PBXBuildFile; fileRef = F58EF78427E9213F007D2E81 /* SceneDelegate.swift */; };
		F58EF78A27E9213F007D2E81 /* Main.storyboard in Resources */ = {isa = PBXBuildFile; fileRef = F58EF78827E9213F007D2E81 /* Main.storyboard */; };
		F58EF78D27E9213F007D2E81 /* MarvelComics.xcdatamodeld in Sources */ = {isa = PBXBuildFile; fileRef = F58EF78B27E9213F007D2E81 /* MarvelComics.xcdatamodeld */; };
		F58EF78F27E92140007D2E81 /* Assets.xcassets in Resources */ = {isa = PBXBuildFile; fileRef = F58EF78E27E92140007D2E81 /* Assets.xcassets */; };
		F58EF79227E92140007D2E81 /* LaunchScreen.storyboard in Resources */ = {isa = PBXBuildFile; fileRef = F58EF79027E92140007D2E81 /* LaunchScreen.storyboard */; };
		F58EF79C27E92A62007D2E81 /* ComicCollectionViewCell.swift in Sources */ = {isa = PBXBuildFile; fileRef = F58EF79B27E92A62007D2E81 /* ComicCollectionViewCell.swift */; };
		F58EF79F27E92CE4007D2E81 /* Webservices.swift in Sources */ = {isa = PBXBuildFile; fileRef = F58EF79E27E92CE4007D2E81 /* Webservices.swift */; };
		F58EF7A227E92D8C007D2E81 /* Comic.swift in Sources */ = {isa = PBXBuildFile; fileRef = F58EF7A127E92D8C007D2E81 /* Comic.swift */; };
		F58EF7A527E946E4007D2E81 /* ComicsViewController.swift in Sources */ = {isa = PBXBuildFile; fileRef = F58EF7A427E946E4007D2E81 /* ComicsViewController.swift */; };
		F58EF7A827E94CEC007D2E81 /* Constant.swift in Sources */ = {isa = PBXBuildFile; fileRef = F58EF7A727E94CEC007D2E81 /* Constant.swift */; };
		F58EF7AB27E94F1D007D2E81 /* String+Extension.swift in Sources */ = {isa = PBXBuildFile; fileRef = F58EF7AA27E94F1D007D2E81 /* String+Extension.swift */; };
/* End PBXBuildFile section */

/* Begin PBXFileReference section */
		F58B081B27EA8A42009F455A /* Image.swift */ = {isa = PBXFileReference; lastKnownFileType = sourcecode.swift; path = Image.swift; sourceTree = "<group>"; };
		F58B081D27EA91B7009F455A /* ComicData.swift */ = {isa = PBXFileReference; lastKnownFileType = sourcecode.swift; path = ComicData.swift; sourceTree = "<group>"; };
		F58B081F27EA9205009F455A /* ComicResult.swift */ = {isa = PBXFileReference; lastKnownFileType = sourcecode.swift; path = ComicResult.swift; sourceTree = "<group>"; };
		F58EF77F27E9213F007D2E81 /* MarvelComics.app */ = {isa = PBXFileReference; explicitFileType = wrapper.application; includeInIndex = 0; path = MarvelComics.app; sourceTree = BUILT_PRODUCTS_DIR; };
		F58EF78227E9213F007D2E81 /* AppDelegate.swift */ = {isa = PBXFileReference; lastKnownFileType = sourcecode.swift; path = AppDelegate.swift; sourceTree = "<group>"; };
		F58EF78427E9213F007D2E81 /* SceneDelegate.swift */ = {isa = PBXFileReference; lastKnownFileType = sourcecode.swift; path = SceneDelegate.swift; sourceTree = "<group>"; };
		F58EF78927E9213F007D2E81 /* Base */ = {isa = PBXFileReference; lastKnownFileType = file.storyboard; name = Base; path = Base.lproj/Main.storyboard; sourceTree = "<group>"; };
		F58EF78C27E9213F007D2E81 /* MarvelComics.xcdatamodel */ = {isa = PBXFileReference; lastKnownFileType = wrapper.xcdatamodel; path = MarvelComics.xcdatamodel; sourceTree = "<group>"; };
		F58EF78E27E92140007D2E81 /* Assets.xcassets */ = {isa = PBXFileReference; lastKnownFileType = folder.assetcatalog; path = Assets.xcassets; sourceTree = "<group>"; };
		F58EF79127E92140007D2E81 /* Base */ = {isa = PBXFileReference; lastKnownFileType = file.storyboard; name = Base; path = Base.lproj/LaunchScreen.storyboard; sourceTree = "<group>"; };
		F58EF79327E92140007D2E81 /* Info.plist */ = {isa = PBXFileReference; lastKnownFileType = text.plist.xml; path = Info.plist; sourceTree = "<group>"; };
		F58EF79B27E92A62007D2E81 /* ComicCollectionViewCell.swift */ = {isa = PBXFileReference; lastKnownFileType = sourcecode.swift; path = ComicCollectionViewCell.swift; sourceTree = "<group>"; };
		F58EF79E27E92CE4007D2E81 /* Webservices.swift */ = {isa = PBXFileReference; lastKnownFileType = sourcecode.swift; path = Webservices.swift; sourceTree = "<group>"; };
		F58EF7A127E92D8C007D2E81 /* Comic.swift */ = {isa = PBXFileReference; lastKnownFileType = sourcecode.swift; path = Comic.swift; sourceTree = "<group>"; };
		F58EF7A427E946E4007D2E81 /* ComicsViewController.swift */ = {isa = PBXFileReference; lastKnownFileType = sourcecode.swift; path = ComicsViewController.swift; sourceTree = "<group>"; };
		F58EF7A727E94CEC007D2E81 /* Constant.swift */ = {isa = PBXFileReference; lastKnownFileType = sourcecode.swift; path = Constant.swift; sourceTree = "<group>"; };
		F58EF7AA27E94F1D007D2E81 /* String+Extension.swift */ = {isa = PBXFileReference; lastKnownFileType = sourcecode.swift; path = "String+Extension.swift"; sourceTree = "<group>"; };
/* End PBXFileReference section */

/* Begin PBXFrameworksBuildPhase section */
		F58EF77C27E9213F007D2E81 /* Frameworks */ = {
			isa = PBXFrameworksBuildPhase;
			buildActionMask = 2147483647;
			files = (
			);
			runOnlyForDeploymentPostprocessing = 0;
		};
/* End PBXFrameworksBuildPhase section */

/* Begin PBXGroup section */
		F58EF77627E9213F007D2E81 = {
			isa = PBXGroup;
			children = (
				F58EF78127E9213F007D2E81 /* MarvelComics */,
				F58EF78027E9213F007D2E81 /* Products */,
			);
			sourceTree = "<group>";
		};
		F58EF78027E9213F007D2E81 /* Products */ = {
			isa = PBXGroup;
			children = (
				F58EF77F27E9213F007D2E81 /* MarvelComics.app */,
			);
			name = Products;
			sourceTree = "<group>";
		};
		F58EF78127E9213F007D2E81 /* MarvelComics */ = {
			isa = PBXGroup;
			children = (
				F58EF7A927E94F0A007D2E81 /* Utils */,
				F58EF7A627E94CDA007D2E81 /* Ressources */,
				F58EF7A327E946CD007D2E81 /* Controllers */,
				F58EF7A027E92D54007D2E81 /* Models */,
				F58EF79D27E92CD2007D2E81 /* Services */,
				F58EF79A27E92A3F007D2E81 /* Cells */,
				F58EF78227E9213F007D2E81 /* AppDelegate.swift */,
				F58EF78427E9213F007D2E81 /* SceneDelegate.swift */,
				F58EF78827E9213F007D2E81 /* Main.storyboard */,
				F58EF78E27E92140007D2E81 /* Assets.xcassets */,
				F58EF79027E92140007D2E81 /* LaunchScreen.storyboard */,
				F58EF79327E92140007D2E81 /* Info.plist */,
				F58EF78B27E9213F007D2E81 /* MarvelComics.xcdatamodeld */,
			);
			path = MarvelComics;
			sourceTree = "<group>";
		};
		F58EF79A27E92A3F007D2E81 /* Cells */ = {
			isa = PBXGroup;
			children = (
				F58EF79B27E92A62007D2E81 /* ComicCollectionViewCell.swift */,
			);
			path = Cells;
			sourceTree = "<group>";
		};
		F58EF79D27E92CD2007D2E81 /* Services */ = {
			isa = PBXGroup;
			children = (
				F58EF79E27E92CE4007D2E81 /* Webservices.swift */,
			);
			path = Services;
			sourceTree = "<group>";
		};
		F58EF7A027E92D54007D2E81 /* Models */ = {
			isa = PBXGroup;
			children = (
				F58B081D27EA91B7009F455A /* ComicData.swift */,
				F58B081F27EA9205009F455A /* ComicResult.swift */,
				F58EF7A127E92D8C007D2E81 /* Comic.swift */,
				F58B081B27EA8A42009F455A /* Image.swift */,
			);
			path = Models;
			sourceTree = "<group>";
		};
		F58EF7A327E946CD007D2E81 /* Controllers */ = {
			isa = PBXGroup;
			children = (
				F58EF7A427E946E4007D2E81 /* ComicsViewController.swift */,
			);
			path = Controllers;
			sourceTree = "<group>";
		};
		F58EF7A627E94CDA007D2E81 /* Ressources */ = {
			isa = PBXGroup;
			children = (
				F58EF7A727E94CEC007D2E81 /* Constant.swift */,
			);
			path = Ressources;
			sourceTree = "<group>";
		};
		F58EF7A927E94F0A007D2E81 /* Utils */ = {
			isa = PBXGroup;
			children = (
				F58EF7AA27E94F1D007D2E81 /* String+Extension.swift */,
			);
			path = Utils;
			sourceTree = "<group>";
		};
/* End PBXGroup section */

/* Begin PBXNativeTarget section */
		F58EF77E27E9213F007D2E81 /* MarvelComics */ = {
			isa = PBXNativeTarget;
			buildConfigurationList = F58EF79627E92140007D2E81 /* Build configuration list for PBXNativeTarget "MarvelComics" */;
			buildPhases = (
				F58EF77B27E9213F007D2E81 /* Sources */,
				F58EF77C27E9213F007D2E81 /* Frameworks */,
				F58EF77D27E9213F007D2E81 /* Resources */,
			);
			buildRules = (
			);
			dependencies = (
			);
			name = MarvelComics;
			productName = MarvelComics;
			productReference = F58EF77F27E9213F007D2E81 /* MarvelComics.app */;
			productType = "com.apple.product-type.application";
		};
/* End PBXNativeTarget section */

/* Begin PBXProject section */
		F58EF77727E9213F007D2E81 /* Project object */ = {
			isa = PBXProject;
			attributes = {
				BuildIndependentTargetsInParallel = 1;
				LastSwiftUpdateCheck = 1330;
				LastUpgradeCheck = 1330;
				TargetAttributes = {
					F58EF77E27E9213F007D2E81 = {
						CreatedOnToolsVersion = 13.3;
					};
				};
			};
			buildConfigurationList = F58EF77A27E9213F007D2E81 /* Build configuration list for PBXProject "MarvelComics" */;
			compatibilityVersion = "Xcode 13.0";
			developmentRegion = en;
			hasScannedForEncodings = 0;
			knownRegions = (
				en,
				Base,
			);
			mainGroup = F58EF77627E9213F007D2E81;
			productRefGroup = F58EF78027E9213F007D2E81 /* Products */;
			projectDirPath = "";
			projectRoot = "";
			targets = (
				F58EF77E27E9213F007D2E81 /* MarvelComics */,
			);
		};
/* End PBXProject section */

/* Begin PBXResourcesBuildPhase section */
		F58EF77D27E9213F007D2E81 /* Resources */ = {
			isa = PBXResourcesBuildPhase;
			buildActionMask = 2147483647;
			files = (
				F58EF79227E92140007D2E81 /* LaunchScreen.storyboard in Resources */,
				F58EF78F27E92140007D2E81 /* Assets.xcassets in Resources */,
				F58EF78A27E9213F007D2E81 /* Main.storyboard in Resources */,
			);
			runOnlyForDeploymentPostprocessing = 0;
		};
/* End PBXResourcesBuildPhase section */

/* Begin PBXSourcesBuildPhase section */
		F58EF77B27E9213F007D2E81 /* Sources */ = {
			isa = PBXSourcesBuildPhase;
			buildActionMask = 2147483647;
			files = (
				F58EF7AB27E94F1D007D2E81 /* String+Extension.swift in Sources */,
				F58EF79F27E92CE4007D2E81 /* Webservices.swift in Sources */,
				F58B082027EA9205009F455A /* ComicResult.swift in Sources */,
				F58EF7A227E92D8C007D2E81 /* Comic.swift in Sources */,
				F58EF78327E9213F007D2E81 /* AppDelegate.swift in Sources */,
				F58EF7A827E94CEC007D2E81 /* Constant.swift in Sources */,
				F58EF7A527E946E4007D2E81 /* ComicsViewController.swift in Sources */,
				F58EF78D27E9213F007D2E81 /* MarvelComics.xcdatamodeld in Sources */,
				F58B081E27EA91B7009F455A /* ComicData.swift in Sources */,
				F58EF79C27E92A62007D2E81 /* ComicCollectionViewCell.swift in Sources */,
				F58EF78527E9213F007D2E81 /* SceneDelegate.swift in Sources */,
				F58B081C27EA8A42009F455A /* Image.swift in Sources */,
			);
			runOnlyForDeploymentPostprocessing = 0;
		};
/* End PBXSourcesBuildPhase section */

/* Begin PBXVariantGroup section */
		F58EF78827E9213F007D2E81 /* Main.storyboard */ = {
			isa = PBXVariantGroup;
			children = (
				F58EF78927E9213F007D2E81 /* Base */,
			);
			name = Main.storyboard;
			sourceTree = "<group>";
		};
		F58EF79027E92140007D2E81 /* LaunchScreen.storyboard */ = {
			isa = PBXVariantGroup;
			children = (
				F58EF79127E92140007D2E81 /* Base */,
			);
			name = LaunchScreen.storyboard;
			sourceTree = "<group>";
		};
/* End PBXVariantGroup section */

/* Begin XCBuildConfiguration section */
		F58EF79427E92140007D2E81 /* Debug */ = {
			isa = XCBuildConfiguration;
			buildSettings = {
				ALWAYS_SEARCH_USER_PATHS = NO;
				CLANG_ANALYZER_NONNULL = YES;
				CLANG_ANALYZER_NUMBER_OBJECT_CONVERSION = YES_AGGRESSIVE;
				CLANG_CXX_LANGUAGE_STANDARD = "gnu++17";
				CLANG_ENABLE_MODULES = YES;
				CLANG_ENABLE_OBJC_ARC = YES;
				CLANG_ENABLE_OBJC_WEAK = YES;
				CLANG_WARN_BLOCK_CAPTURE_AUTORELEASING = YES;
				CLANG_WARN_BOOL_CONVERSION = YES;
				CLANG_WARN_COMMA = YES;
				CLANG_WARN_CONSTANT_CONVERSION = YES;
				CLANG_WARN_DEPRECATED_OBJC_IMPLEMENTATIONS = YES;
				CLANG_WARN_DIRECT_OBJC_ISA_USAGE = YES_ERROR;
				CLANG_WARN_DOCUMENTATION_COMMENTS = YES;
				CLANG_WARN_EMPTY_BODY = YES;
				CLANG_WARN_ENUM_CONVERSION = YES;
				CLANG_WARN_INFINITE_RECURSION = YES;
				CLANG_WARN_INT_CONVERSION = YES;
				CLANG_WARN_NON_LITERAL_NULL_CONVERSION = YES;
				CLANG_WARN_OBJC_IMPLICIT_RETAIN_SELF = YES;
				CLANG_WARN_OBJC_LITERAL_CONVERSION = YES;
				CLANG_WARN_OBJC_ROOT_CLASS = YES_ERROR;
				CLANG_WARN_QUOTED_INCLUDE_IN_FRAMEWORK_HEADER = YES;
				CLANG_WARN_RANGE_LOOP_ANALYSIS = YES;
				CLANG_WARN_STRICT_PROTOTYPES = YES;
				CLANG_WARN_SUSPICIOUS_MOVE = YES;
				CLANG_WARN_UNGUARDED_AVAILABILITY = YES_AGGRESSIVE;
				CLANG_WARN_UNREACHABLE_CODE = YES;
				CLANG_WARN__DUPLICATE_METHOD_MATCH = YES;
				COPY_PHASE_STRIP = NO;
				DEBUG_INFORMATION_FORMAT = dwarf;
				ENABLE_STRICT_OBJC_MSGSEND = YES;
				ENABLE_TESTABILITY = YES;
				GCC_C_LANGUAGE_STANDARD = gnu11;
				GCC_DYNAMIC_NO_PIC = NO;
				GCC_NO_COMMON_BLOCKS = YES;
				GCC_OPTIMIZATION_LEVEL = 0;
				GCC_PREPROCESSOR_DEFINITIONS = (
					"DEBUG=1",
					"$(inherited)",
				);
				GCC_WARN_64_TO_32_BIT_CONVERSION = YES;
				GCC_WARN_ABOUT_RETURN_TYPE = YES_ERROR;
				GCC_WARN_UNDECLARED_SELECTOR = YES;
				GCC_WARN_UNINITIALIZED_AUTOS = YES_AGGRESSIVE;
				GCC_WARN_UNUSED_FUNCTION = YES;
				GCC_WARN_UNUSED_VARIABLE = YES;
				IPHONEOS_DEPLOYMENT_TARGET = 15.4;
				MTL_ENABLE_DEBUG_INFO = INCLUDE_SOURCE;
				MTL_FAST_MATH = YES;
				ONLY_ACTIVE_ARCH = YES;
				SDKROOT = iphoneos;
				SWIFT_ACTIVE_COMPILATION_CONDITIONS = DEBUG;
				SWIFT_OPTIMIZATION_LEVEL = "-Onone";
			};
			name = Debug;
		};
		F58EF79527E92140007D2E81 /* Release */ = {
			isa = XCBuildConfiguration;
			buildSettings = {
				ALWAYS_SEARCH_USER_PATHS = NO;
				CLANG_ANALYZER_NONNULL = YES;
				CLANG_ANALYZER_NUMBER_OBJECT_CONVERSION = YES_AGGRESSIVE;
				CLANG_CXX_LANGUAGE_STANDARD = "gnu++17";
				CLANG_ENABLE_MODULES = YES;
				CLANG_ENABLE_OBJC_ARC = YES;
				CLANG_ENABLE_OBJC_WEAK = YES;
				CLANG_WARN_BLOCK_CAPTURE_AUTORELEASING = YES;
				CLANG_WARN_BOOL_CONVERSION = YES;
				CLANG_WARN_COMMA = YES;
				CLANG_WARN_CONSTANT_CONVERSION = YES;
				CLANG_WARN_DEPRECATED_OBJC_IMPLEMENTATIONS = YES;
				CLANG_WARN_DIRECT_OBJC_ISA_USAGE = YES_ERROR;
				CLANG_WARN_DOCUMENTATION_COMMENTS = YES;
				CLANG_WARN_EMPTY_BODY = YES;
				CLANG_WARN_ENUM_CONVERSION = YES;
				CLANG_WARN_INFINITE_RECURSION = YES;
				CLANG_WARN_INT_CONVERSION = YES;
				CLANG_WARN_NON_LITERAL_NULL_CONVERSION = YES;
				CLANG_WARN_OBJC_IMPLICIT_RETAIN_SELF = YES;
				CLANG_WARN_OBJC_LITERAL_CONVERSION = YES;
				CLANG_WARN_OBJC_ROOT_CLASS = YES_ERROR;
				CLANG_WARN_QUOTED_INCLUDE_IN_FRAMEWORK_HEADER = YES;
				CLANG_WARN_RANGE_LOOP_ANALYSIS = YES;
				CLANG_WARN_STRICT_PROTOTYPES = YES;
				CLANG_WARN_SUSPICIOUS_MOVE = YES;
				CLANG_WARN_UNGUARDED_AVAILABILITY = YES_AGGRESSIVE;
				CLANG_WARN_UNREACHABLE_CODE = YES;
				CLANG_WARN__DUPLICATE_METHOD_MATCH = YES;
				COPY_PHASE_STRIP = NO;
				DEBUG_INFORMATION_FORMAT = "dwarf-with-dsym";
				ENABLE_NS_ASSERTIONS = NO;
				ENABLE_STRICT_OBJC_MSGSEND = YES;
				GCC_C_LANGUAGE_STANDARD = gnu11;
				GCC_NO_COMMON_BLOCKS = YES;
				GCC_WARN_64_TO_32_BIT_CONVERSION = YES;
				GCC_WARN_ABOUT_RETURN_TYPE = YES_ERROR;
				GCC_WARN_UNDECLARED_SELECTOR = YES;
				GCC_WARN_UNINITIALIZED_AUTOS = YES_AGGRESSIVE;
				GCC_WARN_UNUSED_FUNCTION = YES;
				GCC_WARN_UNUSED_VARIABLE = YES;
				IPHONEOS_DEPLOYMENT_TARGET = 15.4;
				MTL_ENABLE_DEBUG_INFO = NO;
				MTL_FAST_MATH = YES;
				SDKROOT = iphoneos;
				SWIFT_COMPILATION_MODE = wholemodule;
				SWIFT_OPTIMIZATION_LEVEL = "-O";
				VALIDATE_PRODUCT = YES;
			};
			name = Release;
		};
		F58EF79727E92140007D2E81 /* Debug */ = {
			isa = XCBuildConfiguration;
			buildSettings = {
				ASSETCATALOG_COMPILER_APPICON_NAME = AppIcon;
				ASSETCATALOG_COMPILER_GLOBAL_ACCENT_COLOR_NAME = AccentColor;
				CODE_SIGN_STYLE = Automatic;
				CURRENT_PROJECT_VERSION = 1;
				DEVELOPMENT_TEAM = LATFQ2CT64;
				GENERATE_INFOPLIST_FILE = YES;
				INFOPLIST_FILE = MarvelComics/Info.plist;
				INFOPLIST_KEY_UIApplicationSupportsIndirectInputEvents = YES;
				INFOPLIST_KEY_UILaunchStoryboardName = LaunchScreen;
				INFOPLIST_KEY_UIMainStoryboardFile = Main;
				INFOPLIST_KEY_UISupportedInterfaceOrientations_iPad = "UIInterfaceOrientationPortrait UIInterfaceOrientationPortraitUpsideDown UIInterfaceOrientationLandscapeLeft UIInterfaceOrientationLandscapeRight";
				INFOPLIST_KEY_UISupportedInterfaceOrientations_iPhone = "UIInterfaceOrientationPortrait UIInterfaceOrientationLandscapeLeft UIInterfaceOrientationLandscapeRight";
				LD_RUNPATH_SEARCH_PATHS = (
					"$(inherited)",
					"@executable_path/Frameworks",
				);
				MARKETING_VERSION = 1.0;
				PRODUCT_BUNDLE_IDENTIFIER = com.tarek.MarvelComics;
				PRODUCT_NAME = "$(TARGET_NAME)";
				SWIFT_EMIT_LOC_STRINGS = YES;
				SWIFT_VERSION = 5.0;
				TARGETED_DEVICE_FAMILY = "1,2";
			};
			name = Debug;
		};
		F58EF79827E92140007D2E81 /* Release */ = {
			isa = XCBuildConfiguration;
			buildSettings = {
				ASSETCATALOG_COMPILER_APPICON_NAME = AppIcon;
				ASSETCATALOG_COMPILER_GLOBAL_ACCENT_COLOR_NAME = AccentColor;
				CODE_SIGN_STYLE = Automatic;
				CURRENT_PROJECT_VERSION = 1;
				DEVELOPMENT_TEAM = LATFQ2CT64;
				GENERATE_INFOPLIST_FILE = YES;
				INFOPLIST_FILE = MarvelComics/Info.plist;
				INFOPLIST_KEY_UIApplicationSupportsIndirectInputEvents = YES;
				INFOPLIST_KEY_UILaunchStoryboardName = LaunchScreen;
				INFOPLIST_KEY_UIMainStoryboardFile = Main;
				INFOPLIST_KEY_UISupportedInterfaceOrientations_iPad = "UIInterfaceOrientationPortrait UIInterfaceOrientationPortraitUpsideDown UIInterfaceOrientationLandscapeLeft UIInterfaceOrientationLandscapeRight";
				INFOPLIST_KEY_UISupportedInterfaceOrientations_iPhone = "UIInterfaceOrientationPortrait UIInterfaceOrientationLandscapeLeft UIInterfaceOrientationLandscapeRight";
				LD_RUNPATH_SEARCH_PATHS = (
					"$(inherited)",
					"@executable_path/Frameworks",
				);
				MARKETING_VERSION = 1.0;
				PRODUCT_BUNDLE_IDENTIFIER = com.tarek.MarvelComics;
				PRODUCT_NAME = "$(TARGET_NAME)";
				SWIFT_EMIT_LOC_STRINGS = YES;
				SWIFT_VERSION = 5.0;
				TARGETED_DEVICE_FAMILY = "1,2";
			};
			name = Release;
		};
/* End XCBuildConfiguration section */

/* Begin XCConfigurationList section */
		F58EF77A27E9213F007D2E81 /* Build configuration list for PBXProject "MarvelComics" */ = {
			isa = XCConfigurationList;
			buildConfigurations = (
				F58EF79427E92140007D2E81 /* Debug */,
				F58EF79527E92140007D2E81 /* Release */,
			);
			defaultConfigurationIsVisible = 0;
			defaultConfigurationName = Release;
		};
		F58EF79627E92140007D2E81 /* Build configuration list for PBXNativeTarget "MarvelComics" */ = {
			isa = XCConfigurationList;
			buildConfigurations = (
				F58EF79727E92140007D2E81 /* Debug */,
				F58EF79827E92140007D2E81 /* Release */,
			);
			defaultConfigurationIsVisible = 0;
			defaultConfigurationName = Release;
		};
/* End XCConfigurationList section */

/* Begin XCVersionGroup section */
		F58EF78B27E9213F007D2E81 /* MarvelComics.xcdatamodeld */ = {
			isa = XCVersionGroup;
			children = (
				F58EF78C27E9213F007D2E81 /* MarvelComics.xcdatamodel */,
			);
			currentVersion = F58EF78C27E9213F007D2E81 /* MarvelComics.xcdatamodel */;
			path = MarvelComics.xcdatamodeld;
			sourceTree = "<group>";
			versionGroupType = wrapper.xcdatamodel;
		};
/* End XCVersionGroup section */
	};
	rootObject = F58EF77727E9213F007D2E81 /* Project object */;
}
